
Microsoft Visual Studio Solution File, Format Version 12.00
# Visual Studio Version 16
VisualStudioVersion = 16.0.809.10
MinimumVisualStudioVersion = 10.0.40219.1
Project("{FAE04EC0-301F-11D3-BF4B-00C04F79EFBC}") = "Delegates-hw", "Delegates-hw\Delegates-hw.csproj", "{BE599623-9F03-4FF9-862E-D3B15C43C4A0}"
EndProject
Global
	GlobalSection(SolutionConfigurationPlatforms) = preSolution
		Debug|Any CPU = Debug|Any CPU
		Release|Any CPU = Release|Any CPU
	EndGlobalSection
	GlobalSection(ProjectConfigurationPlatforms) = postSolution
		{BE599623-9F03-4FF9-862E-D3B15C43C4A0}.Debug|Any CPU.ActiveCfg = Debug|Any CPU
		{BE599623-9F03-4FF9-862E-D3B15C43C4A0}.Debug|Any CPU.Build.0 = Debug|Any CPU
		{BE599623-9F03-4FF9-862E-D3B15C43C4A0}.Release|Any CPU.ActiveCfg = Release|Any CPU
		{BE599623-9F03-4FF9-862E-D3B15C43C4A0}.Release|Any CPU.Build.0 = Release|Any CPU
	EndGlobalSection
	GlobalSection(SolutionProperties) = preSolution
		HideSolutionNode = FALSE
	EndGlobalSection
	GlobalSection(ExtensibilityGlobals) = postSolution
		SolutionGuid = {F94F6FD8-3508-4D76-A4AC-CE24AA78A298}
	EndGlobalSection
EndGlobal
